// !$*UTF8*$!
{
	archiveVersion = 1;
	classes = {
	};
	objectVersion = 56;
	objects = {

/* Begin PBXBuildFile section */
		0E01478929C99EB200B26770 /* WeatherDetailViewController.swift in Sources */ = {isa = PBXBuildFile; fileRef = 0E01478829C99EB200B26770 /* WeatherDetailViewController.swift */; };
		0E01478C29CAD9E900B26770 /* LoadingIndicatorView.xib in Resources */ = {isa = PBXBuildFile; fileRef = 0E01478A29CAD9E800B26770 /* LoadingIndicatorView.xib */; };
		0E01478F29CADA8A00B26770 /* LoadingIndicatorView.swift in Sources */ = {isa = PBXBuildFile; fileRef = 0E01478E29CADA8A00B26770 /* LoadingIndicatorView.swift */; };
		0E01479129CB433800B26770 /* NetworkInfoTests.swift in Sources */ = {isa = PBXBuildFile; fileRef = 0E01479029CB433800B26770 /* NetworkInfoTests.swift */; };
		0E01479329CB442E00B26770 /* RequestErrorTests.swift in Sources */ = {isa = PBXBuildFile; fileRef = 0E01479229CB442E00B26770 /* RequestErrorTests.swift */; };
		0E01479529CB7FBD00B26770 /* ImageDownloader.swift in Sources */ = {isa = PBXBuildFile; fileRef = 0E01479429CB7FBD00B26770 /* ImageDownloader.swift */; };
		0E8D6E2329C58E9F002F7994 /* AppDelegate.swift in Sources */ = {isa = PBXBuildFile; fileRef = 0E8D6E2229C58E9F002F7994 /* AppDelegate.swift */; };
		0E8D6E2529C58E9F002F7994 /* SceneDelegate.swift in Sources */ = {isa = PBXBuildFile; fileRef = 0E8D6E2429C58E9F002F7994 /* SceneDelegate.swift */; };
		0E8D6E2729C58E9F002F7994 /* WeatherViewController.swift in Sources */ = {isa = PBXBuildFile; fileRef = 0E8D6E2629C58E9F002F7994 /* WeatherViewController.swift */; };
		0E8D6E2A29C58E9F002F7994 /* Main.storyboard in Resources */ = {isa = PBXBuildFile; fileRef = 0E8D6E2829C58E9F002F7994 /* Main.storyboard */; };
		0E8D6E2C29C58EA1002F7994 /* Assets.xcassets in Resources */ = {isa = PBXBuildFile; fileRef = 0E8D6E2B29C58EA1002F7994 /* Assets.xcassets */; };
		0E8D6E2F29C58EA1002F7994 /* LaunchScreen.storyboard in Resources */ = {isa = PBXBuildFile; fileRef = 0E8D6E2D29C58EA1002F7994 /* LaunchScreen.storyboard */; };
		0E8D6E3A29C58EA2002F7994 /* WeatherTests.swift in Sources */ = {isa = PBXBuildFile; fileRef = 0E8D6E3929C58EA2002F7994 /* WeatherTests.swift */; };
		0E8D6E4429C58EA2002F7994 /* WeatherUITests.swift in Sources */ = {isa = PBXBuildFile; fileRef = 0E8D6E4329C58EA2002F7994 /* WeatherUITests.swift */; };
		0E8D6E4629C58EA2002F7994 /* WeatherUITestsLaunchTests.swift in Sources */ = {isa = PBXBuildFile; fileRef = 0E8D6E4529C58EA2002F7994 /* WeatherUITestsLaunchTests.swift */; };
		0E8D6E5629C592AC002F7994 /* NetworkService.swift in Sources */ = {isa = PBXBuildFile; fileRef = 0E8D6E5529C592AC002F7994 /* NetworkService.swift */; };
		0E8D6E5829C59489002F7994 /* RequestError.swift in Sources */ = {isa = PBXBuildFile; fileRef = 0E8D6E5729C59489002F7994 /* RequestError.swift */; };
		0E8D6E5E29C6E695002F7994 /* NetworkInfo.plist in Resources */ = {isa = PBXBuildFile; fileRef = 0E8D6E5D29C6E695002F7994 /* NetworkInfo.plist */; };
		0E8D6E6029C6E73A002F7994 /* NetworkInfo.swift in Sources */ = {isa = PBXBuildFile; fileRef = 0E8D6E5F29C6E73A002F7994 /* NetworkInfo.swift */; };
		0E8D6E6329C6EDBD002F7994 /* WeatherDetailViewModel.swift in Sources */ = {isa = PBXBuildFile; fileRef = 0E8D6E6229C6EDBD002F7994 /* WeatherDetailViewModel.swift */; };
		0E8D6E6629C82FE5002F7994 /* WeatherCell.swift in Sources */ = {isa = PBXBuildFile; fileRef = 0E8D6E6429C82FE5002F7994 /* WeatherCell.swift */; };
		0E8D6E6729C82FE5002F7994 /* WeatherCell.xib in Resources */ = {isa = PBXBuildFile; fileRef = 0E8D6E6529C82FE5002F7994 /* WeatherCell.xib */; };
		0E8D6E6B29C834F8002F7994 /* Weather.swift in Sources */ = {isa = PBXBuildFile; fileRef = 0E8D6E6A29C834F8002F7994 /* Weather.swift */; };
		0E8D6E6F29C84A4B002F7994 /* WeatherService.swift in Sources */ = {isa = PBXBuildFile; fileRef = 0E8D6E6E29C84A4B002F7994 /* WeatherService.swift */; };
		0E8D6E7429C94025002F7994 /* SearchResult.swift in Sources */ = {isa = PBXBuildFile; fileRef = 0E8D6E7329C94025002F7994 /* SearchResult.swift */; };
		0E8D6E7629C94081002F7994 /* WeatherViewModel.swift in Sources */ = {isa = PBXBuildFile; fileRef = 0E8D6E7529C94081002F7994 /* WeatherViewModel.swift */; };
		0E8D6E7D29C95A5F002F7994 /* SearchListTableViewCell.swift in Sources */ = {isa = PBXBuildFile; fileRef = 0E8D6E7B29C95A5F002F7994 /* SearchListTableViewCell.swift */; };
		0E8D6E7E29C95A5F002F7994 /* SearchListTableViewCell.xib in Resources */ = {isa = PBXBuildFile; fileRef = 0E8D6E7C29C95A5F002F7994 /* SearchListTableViewCell.xib */; };
/* End PBXBuildFile section */

/* Begin PBXContainerItemProxy section */
		0E8D6E3629C58EA2002F7994 /* PBXContainerItemProxy */ = {
			isa = PBXContainerItemProxy;
			containerPortal = 0E8D6E1729C58E9E002F7994 /* Project object */;
			proxyType = 1;
			remoteGlobalIDString = 0E8D6E1E29C58E9E002F7994;
			remoteInfo = Weather;
		};
		0E8D6E4029C58EA2002F7994 /* PBXContainerItemProxy */ = {
			isa = PBXContainerItemProxy;
			containerPortal = 0E8D6E1729C58E9E002F7994 /* Project object */;
			proxyType = 1;
			remoteGlobalIDString = 0E8D6E1E29C58E9E002F7994;
			remoteInfo = Weather;
		};
/* End PBXContainerItemProxy section */

/* Begin PBXFileReference section */
		0E01478829C99EB200B26770 /* WeatherDetailViewController.swift */ = {isa = PBXFileReference; lastKnownFileType = sourcecode.swift; path = WeatherDetailViewController.swift; sourceTree = "<group>"; };
		0E01478A29CAD9E800B26770 /* LoadingIndicatorView.xib */ = {isa = PBXFileReference; fileEncoding = 4; lastKnownFileType = file.xib; path = LoadingIndicatorView.xib; sourceTree = "<group>"; };
		0E01478E29CADA8A00B26770 /* LoadingIndicatorView.swift */ = {isa = PBXFileReference; lastKnownFileType = sourcecode.swift; path = LoadingIndicatorView.swift; sourceTree = "<group>"; };
		0E01479029CB433800B26770 /* NetworkInfoTests.swift */ = {isa = PBXFileReference; lastKnownFileType = sourcecode.swift; path = NetworkInfoTests.swift; sourceTree = "<group>"; };
		0E01479229CB442E00B26770 /* RequestErrorTests.swift */ = {isa = PBXFileReference; lastKnownFileType = sourcecode.swift; path = RequestErrorTests.swift; sourceTree = "<group>"; };
		0E01479429CB7FBD00B26770 /* ImageDownloader.swift */ = {isa = PBXFileReference; lastKnownFileType = sourcecode.swift; path = ImageDownloader.swift; sourceTree = "<group>"; };
		0E8D6E1F29C58E9F002F7994 /* Weather.app */ = {isa = PBXFileReference; explicitFileType = wrapper.application; includeInIndex = 0; path = Weather.app; sourceTree = BUILT_PRODUCTS_DIR; };
		0E8D6E2229C58E9F002F7994 /* AppDelegate.swift */ = {isa = PBXFileReference; lastKnownFileType = sourcecode.swift; path = AppDelegate.swift; sourceTree = "<group>"; };
		0E8D6E2429C58E9F002F7994 /* SceneDelegate.swift */ = {isa = PBXFileReference; lastKnownFileType = sourcecode.swift; path = SceneDelegate.swift; sourceTree = "<group>"; };
		0E8D6E2629C58E9F002F7994 /* WeatherViewController.swift */ = {isa = PBXFileReference; lastKnownFileType = sourcecode.swift; path = WeatherViewController.swift; sourceTree = "<group>"; };
		0E8D6E2929C58E9F002F7994 /* Base */ = {isa = PBXFileReference; lastKnownFileType = file.storyboard; name = Base; path = Base.lproj/Main.storyboard; sourceTree = "<group>"; };
		0E8D6E2B29C58EA1002F7994 /* Assets.xcassets */ = {isa = PBXFileReference; lastKnownFileType = folder.assetcatalog; path = Assets.xcassets; sourceTree = "<group>"; };
		0E8D6E2E29C58EA1002F7994 /* Base */ = {isa = PBXFileReference; lastKnownFileType = file.storyboard; name = Base; path = Base.lproj/LaunchScreen.storyboard; sourceTree = "<group>"; };
		0E8D6E3029C58EA1002F7994 /* Info.plist */ = {isa = PBXFileReference; lastKnownFileType = text.plist.xml; path = Info.plist; sourceTree = "<group>"; };
		0E8D6E3529C58EA2002F7994 /* WeatherTests.xctest */ = {isa = PBXFileReference; explicitFileType = wrapper.cfbundle; includeInIndex = 0; path = WeatherTests.xctest; sourceTree = BUILT_PRODUCTS_DIR; };
		0E8D6E3929C58EA2002F7994 /* WeatherTests.swift */ = {isa = PBXFileReference; lastKnownFileType = sourcecode.swift; path = WeatherTests.swift; sourceTree = "<group>"; };
		0E8D6E3F29C58EA2002F7994 /* WeatherUITests.xctest */ = {isa = PBXFileReference; explicitFileType = wrapper.cfbundle; includeInIndex = 0; path = WeatherUITests.xctest; sourceTree = BUILT_PRODUCTS_DIR; };
		0E8D6E4329C58EA2002F7994 /* WeatherUITests.swift */ = {isa = PBXFileReference; lastKnownFileType = sourcecode.swift; path = WeatherUITests.swift; sourceTree = "<group>"; };
		0E8D6E4529C58EA2002F7994 /* WeatherUITestsLaunchTests.swift */ = {isa = PBXFileReference; lastKnownFileType = sourcecode.swift; path = WeatherUITestsLaunchTests.swift; sourceTree = "<group>"; };
		0E8D6E5529C592AC002F7994 /* NetworkService.swift */ = {isa = PBXFileReference; lastKnownFileType = sourcecode.swift; path = NetworkService.swift; sourceTree = "<group>"; };
		0E8D6E5729C59489002F7994 /* RequestError.swift */ = {isa = PBXFileReference; lastKnownFileType = sourcecode.swift; path = RequestError.swift; sourceTree = "<group>"; };
		0E8D6E5D29C6E695002F7994 /* NetworkInfo.plist */ = {isa = PBXFileReference; lastKnownFileType = text.plist.xml; path = NetworkInfo.plist; sourceTree = "<group>"; };
		0E8D6E5F29C6E73A002F7994 /* NetworkInfo.swift */ = {isa = PBXFileReference; lastKnownFileType = sourcecode.swift; path = NetworkInfo.swift; sourceTree = "<group>"; };
		0E8D6E6229C6EDBD002F7994 /* WeatherDetailViewModel.swift */ = {isa = PBXFileReference; lastKnownFileType = sourcecode.swift; path = WeatherDetailViewModel.swift; sourceTree = "<group>"; };
		0E8D6E6429C82FE5002F7994 /* WeatherCell.swift */ = {isa = PBXFileReference; lastKnownFileType = sourcecode.swift; path = WeatherCell.swift; sourceTree = "<group>"; };
		0E8D6E6529C82FE5002F7994 /* WeatherCell.xib */ = {isa = PBXFileReference; lastKnownFileType = file.xib; path = WeatherCell.xib; sourceTree = "<group>"; };
		0E8D6E6A29C834F8002F7994 /* Weather.swift */ = {isa = PBXFileReference; lastKnownFileType = sourcecode.swift; path = Weather.swift; sourceTree = "<group>"; };
		0E8D6E6E29C84A4B002F7994 /* WeatherService.swift */ = {isa = PBXFileReference; lastKnownFileType = sourcecode.swift; path = WeatherService.swift; sourceTree = "<group>"; };
		0E8D6E7329C94025002F7994 /* SearchResult.swift */ = {isa = PBXFileReference; lastKnownFileType = sourcecode.swift; path = SearchResult.swift; sourceTree = "<group>"; };
		0E8D6E7529C94081002F7994 /* WeatherViewModel.swift */ = {isa = PBXFileReference; lastKnownFileType = sourcecode.swift; path = WeatherViewModel.swift; sourceTree = "<group>"; };
		0E8D6E7B29C95A5F002F7994 /* SearchListTableViewCell.swift */ = {isa = PBXFileReference; lastKnownFileType = sourcecode.swift; path = SearchListTableViewCell.swift; sourceTree = "<group>"; };
		0E8D6E7C29C95A5F002F7994 /* SearchListTableViewCell.xib */ = {isa = PBXFileReference; lastKnownFileType = file.xib; path = SearchListTableViewCell.xib; sourceTree = "<group>"; };
/* End PBXFileReference section */

/* Begin PBXFrameworksBuildPhase section */
		0E8D6E1C29C58E9E002F7994 /* Frameworks */ = {
			isa = PBXFrameworksBuildPhase;
			buildActionMask = 2147483647;
			files = (
			);
			runOnlyForDeploymentPostprocessing = 0;
		};
		0E8D6E3229C58EA2002F7994 /* Frameworks */ = {
			isa = PBXFrameworksBuildPhase;
			buildActionMask = 2147483647;
			files = (
			);
			runOnlyForDeploymentPostprocessing = 0;
		};
		0E8D6E3C29C58EA2002F7994 /* Frameworks */ = {
			isa = PBXFrameworksBuildPhase;
			buildActionMask = 2147483647;
			files = (
			);
			runOnlyForDeploymentPostprocessing = 0;
		};
/* End PBXFrameworksBuildPhase section */

/* Begin PBXGroup section */
		0E8D6E1629C58E9E002F7994 = {
			isa = PBXGroup;
			children = (
				0E8D6E2129C58E9F002F7994 /* Weather */,
				0E8D6E3829C58EA2002F7994 /* WeatherTests */,
				0E8D6E4229C58EA2002F7994 /* WeatherUITests */,
				0E8D6E2029C58E9F002F7994 /* Products */,
			);
			sourceTree = "<group>";
		};
		0E8D6E2029C58E9F002F7994 /* Products */ = {
			isa = PBXGroup;
			children = (
				0E8D6E1F29C58E9F002F7994 /* Weather.app */,
				0E8D6E3529C58EA2002F7994 /* WeatherTests.xctest */,
				0E8D6E3F29C58EA2002F7994 /* WeatherUITests.xctest */,
			);
			name = Products;
			sourceTree = "<group>";
		};
		0E8D6E2129C58E9F002F7994 /* Weather */ = {
			isa = PBXGroup;
			children = (
				0E8D6E5329C5915F002F7994 /* View */,
				0E8D6E6129C6ED9D002F7994 /* ViewModel */,
				0E8D6E6929C834E2002F7994 /* Model */,
				0E8D6E5429C59271002F7994 /* Network */,
				0E8D6E2229C58E9F002F7994 /* AppDelegate.swift */,
				0E8D6E2429C58E9F002F7994 /* SceneDelegate.swift */,
				0E8D6E2829C58E9F002F7994 /* Main.storyboard */,
				0E8D6E2B29C58EA1002F7994 /* Assets.xcassets */,
				0E8D6E2D29C58EA1002F7994 /* LaunchScreen.storyboard */,
				0E8D6E3029C58EA1002F7994 /* Info.plist */,
			);
			path = Weather;
			sourceTree = "<group>";
		};
		0E8D6E3829C58EA2002F7994 /* WeatherTests */ = {
			isa = PBXGroup;
			children = (
				0E8D6E3929C58EA2002F7994 /* WeatherTests.swift */,
				0E01479029CB433800B26770 /* NetworkInfoTests.swift */,
				0E01479229CB442E00B26770 /* RequestErrorTests.swift */,
			);
			path = WeatherTests;
			sourceTree = "<group>";
		};
		0E8D6E4229C58EA2002F7994 /* WeatherUITests */ = {
			isa = PBXGroup;
			children = (
				0E8D6E4329C58EA2002F7994 /* WeatherUITests.swift */,
				0E8D6E4529C58EA2002F7994 /* WeatherUITestsLaunchTests.swift */,
			);
			path = WeatherUITests;
			sourceTree = "<group>";
		};
		0E8D6E5229C59150002F7994 /* Services */ = {
			isa = PBXGroup;
			children = (
				0E8D6E6E29C84A4B002F7994 /* WeatherService.swift */,
			);
			path = Services;
			sourceTree = "<group>";
		};
		0E8D6E5329C5915F002F7994 /* View */ = {
			isa = PBXGroup;
			children = (
				0E8D6E2629C58E9F002F7994 /* WeatherViewController.swift */,
				0E01478829C99EB200B26770 /* WeatherDetailViewController.swift */,
				0E01478A29CAD9E800B26770 /* LoadingIndicatorView.xib */,
				0E01478E29CADA8A00B26770 /* LoadingIndicatorView.swift */,
				0E8D6E6829C82FEC002F7994 /* Cells */,
			);
			path = View;
			sourceTree = "<group>";
		};
		0E8D6E5429C59271002F7994 /* Network */ = {
			isa = PBXGroup;
			children = (
				0E8D6E5229C59150002F7994 /* Services */,
				0E8D6E5529C592AC002F7994 /* NetworkService.swift */,
				0E8D6E5729C59489002F7994 /* RequestError.swift */,
				0E8D6E5D29C6E695002F7994 /* NetworkInfo.plist */,
				0E8D6E5F29C6E73A002F7994 /* NetworkInfo.swift */,
				0E01479429CB7FBD00B26770 /* ImageDownloader.swift */,
			);
			path = Network;
			sourceTree = "<group>";
		};
		0E8D6E6129C6ED9D002F7994 /* ViewModel */ = {
			isa = PBXGroup;
			children = (
				0E8D6E6229C6EDBD002F7994 /* WeatherDetailViewModel.swift */,
				0E8D6E7529C94081002F7994 /* WeatherViewModel.swift */,
			);
			path = ViewModel;
			sourceTree = "<group>";
		};
		0E8D6E6829C82FEC002F7994 /* Cells */ = {
			isa = PBXGroup;
			children = (
				0E8D6E6429C82FE5002F7994 /* WeatherCell.swift */,
				0E8D6E6529C82FE5002F7994 /* WeatherCell.xib */,
				0E8D6E7B29C95A5F002F7994 /* SearchListTableViewCell.swift */,
				0E8D6E7C29C95A5F002F7994 /* SearchListTableViewCell.xib */,
			);
			path = Cells;
			sourceTree = "<group>";
		};
		0E8D6E6929C834E2002F7994 /* Model */ = {
			isa = PBXGroup;
			children = (
				0E8D6E6A29C834F8002F7994 /* Weather.swift */,
				0E8D6E7329C94025002F7994 /* SearchResult.swift */,
			);
			path = Model;
			sourceTree = "<group>";
		};
/* End PBXGroup section */

/* Begin PBXNativeTarget section */
		0E8D6E1E29C58E9E002F7994 /* Weather */ = {
			isa = PBXNativeTarget;
			buildConfigurationList = 0E8D6E4929C58EA2002F7994 /* Build configuration list for PBXNativeTarget "Weather" */;
			buildPhases = (
				0E8D6E1B29C58E9E002F7994 /* Sources */,
				0E8D6E1C29C58E9E002F7994 /* Frameworks */,
				0E8D6E1D29C58E9E002F7994 /* Resources */,
			);
			buildRules = (
			);
			dependencies = (
			);
			name = Weather;
			productName = Weather;
			productReference = 0E8D6E1F29C58E9F002F7994 /* Weather.app */;
			productType = "com.apple.product-type.application";
		};
		0E8D6E3429C58EA2002F7994 /* WeatherTests */ = {
			isa = PBXNativeTarget;
			buildConfigurationList = 0E8D6E4C29C58EA2002F7994 /* Build configuration list for PBXNativeTarget "WeatherTests" */;
			buildPhases = (
				0E8D6E3129C58EA2002F7994 /* Sources */,
				0E8D6E3229C58EA2002F7994 /* Frameworks */,
				0E8D6E3329C58EA2002F7994 /* Resources */,
			);
			buildRules = (
			);
			dependencies = (
				0E8D6E3729C58EA2002F7994 /* PBXTargetDependency */,
			);
			name = WeatherTests;
			productName = WeatherTests;
			productReference = 0E8D6E3529C58EA2002F7994 /* WeatherTests.xctest */;
			productType = "com.apple.product-type.bundle.unit-test";
		};
		0E8D6E3E29C58EA2002F7994 /* WeatherUITests */ = {
			isa = PBXNativeTarget;
			buildConfigurationList = 0E8D6E4F29C58EA2002F7994 /* Build configuration list for PBXNativeTarget "WeatherUITests" */;
			buildPhases = (
				0E8D6E3B29C58EA2002F7994 /* Sources */,
				0E8D6E3C29C58EA2002F7994 /* Frameworks */,
				0E8D6E3D29C58EA2002F7994 /* Resources */,
			);
			buildRules = (
			);
			dependencies = (
				0E8D6E4129C58EA2002F7994 /* PBXTargetDependency */,
			);
			name = WeatherUITests;
			productName = WeatherUITests;
			productReference = 0E8D6E3F29C58EA2002F7994 /* WeatherUITests.xctest */;
			productType = "com.apple.product-type.bundle.ui-testing";
		};
/* End PBXNativeTarget section */

/* Begin PBXProject section */
		0E8D6E1729C58E9E002F7994 /* Project object */ = {
			isa = PBXProject;
			attributes = {
				BuildIndependentTargetsInParallel = 1;
				LastSwiftUpdateCheck = 1410;
				LastUpgradeCheck = 1410;
				TargetAttributes = {
					0E8D6E1E29C58E9E002F7994 = {
						CreatedOnToolsVersion = 14.1;
					};
					0E8D6E3429C58EA2002F7994 = {
						CreatedOnToolsVersion = 14.1;
						TestTargetID = 0E8D6E1E29C58E9E002F7994;
					};
					0E8D6E3E29C58EA2002F7994 = {
						CreatedOnToolsVersion = 14.1;
						TestTargetID = 0E8D6E1E29C58E9E002F7994;
					};
				};
			};
			buildConfigurationList = 0E8D6E1A29C58E9E002F7994 /* Build configuration list for PBXProject "Weather" */;
			compatibilityVersion = "Xcode 14.0";
			developmentRegion = en;
			hasScannedForEncodings = 0;
			knownRegions = (
				en,
				Base,
			);
			mainGroup = 0E8D6E1629C58E9E002F7994;
			productRefGroup = 0E8D6E2029C58E9F002F7994 /* Products */;
			projectDirPath = "";
			projectRoot = "";
			targets = (
				0E8D6E1E29C58E9E002F7994 /* Weather */,
				0E8D6E3429C58EA2002F7994 /* WeatherTests */,
				0E8D6E3E29C58EA2002F7994 /* WeatherUITests */,
			);
		};
/* End PBXProject section */

/* Begin PBXResourcesBuildPhase section */
		0E8D6E1D29C58E9E002F7994 /* Resources */ = {
			isa = PBXResourcesBuildPhase;
			buildActionMask = 2147483647;
			files = (
				0E8D6E2F29C58EA1002F7994 /* LaunchScreen.storyboard in Resources */,
				0E8D6E5E29C6E695002F7994 /* NetworkInfo.plist in Resources */,
				0E01478C29CAD9E900B26770 /* LoadingIndicatorView.xib in Resources */,
				0E8D6E2C29C58EA1002F7994 /* Assets.xcassets in Resources */,
				0E8D6E7E29C95A5F002F7994 /* SearchListTableViewCell.xib in Resources */,
				0E8D6E2A29C58E9F002F7994 /* Main.storyboard in Resources */,
				0E8D6E6729C82FE5002F7994 /* WeatherCell.xib in Resources */,
			);
			runOnlyForDeploymentPostprocessing = 0;
		};
		0E8D6E3329C58EA2002F7994 /* Resources */ = {
			isa = PBXResourcesBuildPhase;
			buildActionMask = 2147483647;
			files = (
			);
			runOnlyForDeploymentPostprocessing = 0;
		};
		0E8D6E3D29C58EA2002F7994 /* Resources */ = {
			isa = PBXResourcesBuildPhase;
			buildActionMask = 2147483647;
			files = (
			);
			runOnlyForDeploymentPostprocessing = 0;
		};
/* End PBXResourcesBuildPhase section */

/* Begin PBXSourcesBuildPhase section */
		0E8D6E1B29C58E9E002F7994 /* Sources */ = {
			isa = PBXSourcesBuildPhase;
			buildActionMask = 2147483647;
			files = (
				0E8D6E7429C94025002F7994 /* SearchResult.swift in Sources */,
				0E8D6E2729C58E9F002F7994 /* WeatherViewController.swift in Sources */,
				0E01479529CB7FBD00B26770 /* ImageDownloader.swift in Sources */,
				0E8D6E5829C59489002F7994 /* RequestError.swift in Sources */,
				0E8D6E2329C58E9F002F7994 /* AppDelegate.swift in Sources */,
				0E8D6E6329C6EDBD002F7994 /* WeatherDetailViewModel.swift in Sources */,
				0E8D6E6B29C834F8002F7994 /* Weather.swift in Sources */,
				0E8D6E7629C94081002F7994 /* WeatherViewModel.swift in Sources */,
				0E8D6E6629C82FE5002F7994 /* WeatherCell.swift in Sources */,
				0E8D6E7D29C95A5F002F7994 /* SearchListTableViewCell.swift in Sources */,
				0E8D6E5629C592AC002F7994 /* NetworkService.swift in Sources */,
				0E01478F29CADA8A00B26770 /* LoadingIndicatorView.swift in Sources */,
				0E01478929C99EB200B26770 /* WeatherDetailViewController.swift in Sources */,
				0E8D6E6F29C84A4B002F7994 /* WeatherService.swift in Sources */,
				0E8D6E6029C6E73A002F7994 /* NetworkInfo.swift in Sources */,
				0E8D6E2529C58E9F002F7994 /* SceneDelegate.swift in Sources */,
			);
			runOnlyForDeploymentPostprocessing = 0;
		};
		0E8D6E3129C58EA2002F7994 /* Sources */ = {
			isa = PBXSourcesBuildPhase;
			buildActionMask = 2147483647;
			files = (
				0E01479129CB433800B26770 /* NetworkInfoTests.swift in Sources */,
				0E01479329CB442E00B26770 /* RequestErrorTests.swift in Sources */,
				0E8D6E3A29C58EA2002F7994 /* WeatherTests.swift in Sources */,
			);
			runOnlyForDeploymentPostprocessing = 0;
		};
		0E8D6E3B29C58EA2002F7994 /* Sources */ = {
			isa = PBXSourcesBuildPhase;
			buildActionMask = 2147483647;
			files = (
				0E8D6E4429C58EA2002F7994 /* WeatherUITests.swift in Sources */,
				0E8D6E4629C58EA2002F7994 /* WeatherUITestsLaunchTests.swift in Sources */,
			);
			runOnlyForDeploymentPostprocessing = 0;
		};
/* End PBXSourcesBuildPhase section */

/* Begin PBXTargetDependency section */
		0E8D6E3729C58EA2002F7994 /* PBXTargetDependency */ = {
			isa = PBXTargetDependency;
			target = 0E8D6E1E29C58E9E002F7994 /* Weather */;
			targetProxy = 0E8D6E3629C58EA2002F7994 /* PBXContainerItemProxy */;
		};
		0E8D6E4129C58EA2002F7994 /* PBXTargetDependency */ = {
			isa = PBXTargetDependency;
			target = 0E8D6E1E29C58E9E002F7994 /* Weather */;
			targetProxy = 0E8D6E4029C58EA2002F7994 /* PBXContainerItemProxy */;
		};
/* End PBXTargetDependency section */

/* Begin PBXVariantGroup section */
		0E8D6E2829C58E9F002F7994 /* Main.storyboard */ = {
			isa = PBXVariantGroup;
			children = (
				0E8D6E2929C58E9F002F7994 /* Base */,
			);
			name = Main.storyboard;
			sourceTree = "<group>";
		};
		0E8D6E2D29C58EA1002F7994 /* LaunchScreen.storyboard */ = {
			isa = PBXVariantGroup;
			children = (
				0E8D6E2E29C58EA1002F7994 /* Base */,
			);
			name = LaunchScreen.storyboard;
			sourceTree = "<group>";
		};
/* End PBXVariantGroup section */

/* Begin XCBuildConfiguration section */
		0E8D6E4729C58EA2002F7994 /* Debug */ = {
			isa = XCBuildConfiguration;
			buildSettings = {
				ALWAYS_SEARCH_USER_PATHS = NO;
				CLANG_ANALYZER_NONNULL = YES;
				CLANG_ANALYZER_NUMBER_OBJECT_CONVERSION = YES_AGGRESSIVE;
				CLANG_CXX_LANGUAGE_STANDARD = "gnu++20";
				CLANG_ENABLE_MODULES = YES;
				CLANG_ENABLE_OBJC_ARC = YES;
				CLANG_ENABLE_OBJC_WEAK = YES;
				CLANG_WARN_BLOCK_CAPTURE_AUTORELEASING = YES;
				CLANG_WARN_BOOL_CONVERSION = YES;
				CLANG_WARN_COMMA = YES;
				CLANG_WARN_CONSTANT_CONVERSION = YES;
				CLANG_WARN_DEPRECATED_OBJC_IMPLEMENTATIONS = YES;
				CLANG_WARN_DIRECT_OBJC_ISA_USAGE = YES_ERROR;
				CLANG_WARN_DOCUMENTATION_COMMENTS = YES;
				CLANG_WARN_EMPTY_BODY = YES;
				CLANG_WARN_ENUM_CONVERSION = YES;
				CLANG_WARN_INFINITE_RECURSION = YES;
				CLANG_WARN_INT_CONVERSION = YES;
				CLANG_WARN_NON_LITERAL_NULL_CONVERSION = YES;
				CLANG_WARN_OBJC_IMPLICIT_RETAIN_SELF = YES;
				CLANG_WARN_OBJC_LITERAL_CONVERSION = YES;
				CLANG_WARN_OBJC_ROOT_CLASS = YES_ERROR;
				CLANG_WARN_QUOTED_INCLUDE_IN_FRAMEWORK_HEADER = YES;
				CLANG_WARN_RANGE_LOOP_ANALYSIS = YES;
				CLANG_WARN_STRICT_PROTOTYPES = YES;
				CLANG_WARN_SUSPICIOUS_MOVE = YES;
				CLANG_WARN_UNGUARDED_AVAILABILITY = YES_AGGRESSIVE;
				CLANG_WARN_UNREACHABLE_CODE = YES;
				CLANG_WARN__DUPLICATE_METHOD_MATCH = YES;
				COPY_PHASE_STRIP = NO;
				DEBUG_INFORMATION_FORMAT = dwarf;
				ENABLE_STRICT_OBJC_MSGSEND = YES;
				ENABLE_TESTABILITY = YES;
				GCC_C_LANGUAGE_STANDARD = gnu11;
				GCC_DYNAMIC_NO_PIC = NO;
				GCC_NO_COMMON_BLOCKS = YES;
				GCC_OPTIMIZATION_LEVEL = 0;
				GCC_PREPROCESSOR_DEFINITIONS = (
					"DEBUG=1",
					"$(inherited)",
				);
				GCC_WARN_64_TO_32_BIT_CONVERSION = YES;
				GCC_WARN_ABOUT_RETURN_TYPE = YES_ERROR;
				GCC_WARN_UNDECLARED_SELECTOR = YES;
				GCC_WARN_UNINITIALIZED_AUTOS = YES_AGGRESSIVE;
				GCC_WARN_UNUSED_FUNCTION = YES;
				GCC_WARN_UNUSED_VARIABLE = YES;
				IPHONEOS_DEPLOYMENT_TARGET = 16.1;
				MTL_ENABLE_DEBUG_INFO = INCLUDE_SOURCE;
				MTL_FAST_MATH = YES;
				ONLY_ACTIVE_ARCH = YES;
				SDKROOT = iphoneos;
				SWIFT_ACTIVE_COMPILATION_CONDITIONS = DEBUG;
				SWIFT_OPTIMIZATION_LEVEL = "-Onone";
			};
			name = Debug;
		};
		0E8D6E4829C58EA2002F7994 /* Release */ = {
			isa = XCBuildConfiguration;
			buildSettings = {
				ALWAYS_SEARCH_USER_PATHS = NO;
				CLANG_ANALYZER_NONNULL = YES;
				CLANG_ANALYZER_NUMBER_OBJECT_CONVERSION = YES_AGGRESSIVE;
				CLANG_CXX_LANGUAGE_STANDARD = "gnu++20";
				CLANG_ENABLE_MODULES = YES;
				CLANG_ENABLE_OBJC_ARC = YES;
				CLANG_ENABLE_OBJC_WEAK = YES;
				CLANG_WARN_BLOCK_CAPTURE_AUTORELEASING = YES;
				CLANG_WARN_BOOL_CONVERSION = YES;
				CLANG_WARN_COMMA = YES;
				CLANG_WARN_CONSTANT_CONVERSION = YES;
				CLANG_WARN_DEPRECATED_OBJC_IMPLEMENTATIONS = YES;
				CLANG_WARN_DIRECT_OBJC_ISA_USAGE = YES_ERROR;
				CLANG_WARN_DOCUMENTATION_COMMENTS = YES;
				CLANG_WARN_EMPTY_BODY = YES;
				CLANG_WARN_ENUM_CONVERSION = YES;
				CLANG_WARN_INFINITE_RECURSION = YES;
				CLANG_WARN_INT_CONVERSION = YES;
				CLANG_WARN_NON_LITERAL_NULL_CONVERSION = YES;
				CLANG_WARN_OBJC_IMPLICIT_RETAIN_SELF = YES;
				CLANG_WARN_OBJC_LITERAL_CONVERSION = YES;
				CLANG_WARN_OBJC_ROOT_CLASS = YES_ERROR;
				CLANG_WARN_QUOTED_INCLUDE_IN_FRAMEWORK_HEADER = YES;
				CLANG_WARN_RANGE_LOOP_ANALYSIS = YES;
				CLANG_WARN_STRICT_PROTOTYPES = YES;
				CLANG_WARN_SUSPICIOUS_MOVE = YES;
				CLANG_WARN_UNGUARDED_AVAILABILITY = YES_AGGRESSIVE;
				CLANG_WARN_UNREACHABLE_CODE = YES;
				CLANG_WARN__DUPLICATE_METHOD_MATCH = YES;
				COPY_PHASE_STRIP = NO;
				DEBUG_INFORMATION_FORMAT = "dwarf-with-dsym";
				ENABLE_NS_ASSERTIONS = NO;
				ENABLE_STRICT_OBJC_MSGSEND = YES;
				GCC_C_LANGUAGE_STANDARD = gnu11;
				GCC_NO_COMMON_BLOCKS = YES;
				GCC_WARN_64_TO_32_BIT_CONVERSION = YES;
				GCC_WARN_ABOUT_RETURN_TYPE = YES_ERROR;
				GCC_WARN_UNDECLARED_SELECTOR = YES;
				GCC_WARN_UNINITIALIZED_AUTOS = YES_AGGRESSIVE;
				GCC_WARN_UNUSED_FUNCTION = YES;
				GCC_WARN_UNUSED_VARIABLE = YES;
				IPHONEOS_DEPLOYMENT_TARGET = 16.1;
				MTL_ENABLE_DEBUG_INFO = NO;
				MTL_FAST_MATH = YES;
				SDKROOT = iphoneos;
				SWIFT_COMPILATION_MODE = wholemodule;
				SWIFT_OPTIMIZATION_LEVEL = "-O";
				VALIDATE_PRODUCT = YES;
			};
			name = Release;
		};
		0E8D6E4A29C58EA2002F7994 /* Debug */ = {
			isa = XCBuildConfiguration;
			buildSettings = {
				ASSETCATALOG_COMPILER_APPICON_NAME = AppIcon;
				ASSETCATALOG_COMPILER_GLOBAL_ACCENT_COLOR_NAME = AccentColor;
				CODE_SIGN_STYLE = Automatic;
				CURRENT_PROJECT_VERSION = 1;
				GENERATE_INFOPLIST_FILE = YES;
				INFOPLIST_FILE = Weather/Info.plist;
				INFOPLIST_KEY_UIApplicationSupportsIndirectInputEvents = YES;
				INFOPLIST_KEY_UILaunchStoryboardName = LaunchScreen;
				INFOPLIST_KEY_UIMainStoryboardFile = Main;
				INFOPLIST_KEY_UISupportedInterfaceOrientations_iPad = "UIInterfaceOrientationPortrait UIInterfaceOrientationPortraitUpsideDown UIInterfaceOrientationLandscapeLeft UIInterfaceOrientationLandscapeRight";
				INFOPLIST_KEY_UISupportedInterfaceOrientations_iPhone = "UIInterfaceOrientationPortrait UIInterfaceOrientationLandscapeLeft UIInterfaceOrientationLandscapeRight";
				LD_RUNPATH_SEARCH_PATHS = (
					"$(inherited)",
					"@executable_path/Frameworks",
				);
				MARKETING_VERSION = 1.0;
				PRODUCT_BUNDLE_IDENTIFIER = com.aswathy.Weather;
				PRODUCT_NAME = "$(TARGET_NAME)";
				SWIFT_EMIT_LOC_STRINGS = YES;
				SWIFT_VERSION = 5.0;
				TARGETED_DEVICE_FAMILY = "1,2";
			};
			name = Debug;
		};
		0E8D6E4B29C58EA2002F7994 /* Release */ = {
			isa = XCBuildConfiguration;
			buildSettings = {
				ASSETCATALOG_COMPILER_APPICON_NAME = AppIcon;
				ASSETCATALOG_COMPILER_GLOBAL_ACCENT_COLOR_NAME = AccentColor;
				CODE_SIGN_STYLE = Automatic;
				CURRENT_PROJECT_VERSION = 1;
				GENERATE_INFOPLIST_FILE = YES;
				INFOPLIST_FILE = Weather/Info.plist;
				INFOPLIST_KEY_UIApplicationSupportsIndirectInputEvents = YES;
				INFOPLIST_KEY_UILaunchStoryboardName = LaunchScreen;
				INFOPLIST_KEY_UIMainStoryboardFile = Main;
				INFOPLIST_KEY_UISupportedInterfaceOrientations_iPad = "UIInterfaceOrientationPortrait UIInterfaceOrientationPortraitUpsideDown UIInterfaceOrientationLandscapeLeft UIInterfaceOrientationLandscapeRight";
				INFOPLIST_KEY_UISupportedInterfaceOrientations_iPhone = "UIInterfaceOrientationPortrait UIInterfaceOrientationLandscapeLeft UIInterfaceOrientationLandscapeRight";
				LD_RUNPATH_SEARCH_PATHS = (
					"$(inherited)",
					"@executable_path/Frameworks",
				);
				MARKETING_VERSION = 1.0;
				PRODUCT_BUNDLE_IDENTIFIER = com.aswathy.Weather;
				PRODUCT_NAME = "$(TARGET_NAME)";
				SWIFT_EMIT_LOC_STRINGS = YES;
				SWIFT_VERSION = 5.0;
				TARGETED_DEVICE_FAMILY = "1,2";
			};
			name = Release;
		};
		0E8D6E4D29C58EA2002F7994 /* Debug */ = {
			isa = XCBuildConfiguration;
			buildSettings = {
				ALWAYS_EMBED_SWIFT_STANDARD_LIBRARIES = YES;
				BUNDLE_LOADER = "$(TEST_HOST)";
				CODE_SIGN_STYLE = Automatic;
				CURRENT_PROJECT_VERSION = 1;
				GENERATE_INFOPLIST_FILE = YES;
				IPHONEOS_DEPLOYMENT_TARGET = 16.1;
				MARKETING_VERSION = 1.0;
				PRODUCT_BUNDLE_IDENTIFIER = com.aswathy.WeatherTests;
				PRODUCT_NAME = "$(TARGET_NAME)";
				SWIFT_EMIT_LOC_STRINGS = NO;
				SWIFT_VERSION = 5.0;
				TARGETED_DEVICE_FAMILY = "1,2";
				TEST_HOST = "$(BUILT_PRODUCTS_DIR)/Weather.app/$(BUNDLE_EXECUTABLE_FOLDER_PATH)/Weather";
			};
			name = Debug;
		};
		0E8D6E4E29C58EA2002F7994 /* Release */ = {
			isa = XCBuildConfiguration;
			buildSettings = {
				ALWAYS_EMBED_SWIFT_STANDARD_LIBRARIES = YES;
				BUNDLE_LOADER = "$(TEST_HOST)";
				CODE_SIGN_STYLE = Automatic;
				CURRENT_PROJECT_VERSION = 1;
				GENERATE_INFOPLIST_FILE = YES;
				IPHONEOS_DEPLOYMENT_TARGET = 16.1;
				MARKETING_VERSION = 1.0;
				PRODUCT_BUNDLE_IDENTIFIER = com.aswathy.WeatherTests;
				PRODUCT_NAME = "$(TARGET_NAME)";
				SWIFT_EMIT_LOC_STRINGS = NO;
				SWIFT_VERSION = 5.0;
				TARGETED_DEVICE_FAMILY = "1,2";
				TEST_HOST = "$(BUILT_PRODUCTS_DIR)/Weather.app/$(BUNDLE_EXECUTABLE_FOLDER_PATH)/Weather";
			};
			name = Release;
		};
		0E8D6E5029C58EA2002F7994 /* Debug */ = {
			isa = XCBuildConfiguration;
			buildSettings = {
				ALWAYS_EMBED_SWIFT_STANDARD_LIBRARIES = YES;
				CODE_SIGN_STYLE = Automatic;
				CURRENT_PROJECT_VERSION = 1;
				GENERATE_INFOPLIST_FILE = YES;
				MARKETING_VERSION = 1.0;
				PRODUCT_BUNDLE_IDENTIFIER = com.aswathy.WeatherUITests;
				PRODUCT_NAME = "$(TARGET_NAME)";
				SWIFT_EMIT_LOC_STRINGS = NO;
				SWIFT_VERSION = 5.0;
				TARGETED_DEVICE_FAMILY = "1,2";
				TEST_TARGET_NAME = Weather;
			};
			name = Debug;
		};
		0E8D6E5129C58EA2002F7994 /* Release */ = {
			isa = XCBuildConfiguration;
			buildSettings = {
				ALWAYS_EMBED_SWIFT_STANDARD_LIBRARIES = YES;
				CODE_SIGN_STYLE = Automatic;
				CURRENT_PROJECT_VERSION = 1;
				GENERATE_INFOPLIST_FILE = YES;
				MARKETING_VERSION = 1.0;
				PRODUCT_BUNDLE_IDENTIFIER = com.aswathy.WeatherUITests;
				PRODUCT_NAME = "$(TARGET_NAME)";
				SWIFT_EMIT_LOC_STRINGS = NO;
				SWIFT_VERSION = 5.0;
				TARGETED_DEVICE_FAMILY = "1,2";
				TEST_TARGET_NAME = Weather;
			};
			name = Release;
		};
/* End XCBuildConfiguration section */

/* Begin XCConfigurationList section */
		0E8D6E1A29C58E9E002F7994 /* Build configuration list for PBXProject "Weather" */ = {
			isa = XCConfigurationList;
			buildConfigurations = (
				0E8D6E4729C58EA2002F7994 /* Debug */,
				0E8D6E4829C58EA2002F7994 /* Release */,
			);
			defaultConfigurationIsVisible = 0;
			defaultConfigurationName = Release;
		};
		0E8D6E4929C58EA2002F7994 /* Build configuration list for PBXNativeTarget "Weather" */ = {
			isa = XCConfigurationList;
			buildConfigurations = (
				0E8D6E4A29C58EA2002F7994 /* Debug */,
				0E8D6E4B29C58EA2002F7994 /* Release */,
			);
			defaultConfigurationIsVisible = 0;
			defaultConfigurationName = Release;
		};
		0E8D6E4C29C58EA2002F7994 /* Build configuration list for PBXNativeTarget "WeatherTests" */ = {
			isa = XCConfigurationList;
			buildConfigurations = (
				0E8D6E4D29C58EA2002F7994 /* Debug */,
				0E8D6E4E29C58EA2002F7994 /* Release */,
			);
			defaultConfigurationIsVisible = 0;
			defaultConfigurationName = Release;
		};
		0E8D6E4F29C58EA2002F7994 /* Build configuration list for PBXNativeTarget "WeatherUITests" */ = {
			isa = XCConfigurationList;
			buildConfigurations = (
				0E8D6E5029C58EA2002F7994 /* Debug */,
				0E8D6E5129C58EA2002F7994 /* Release */,
			);
			defaultConfigurationIsVisible = 0;
			defaultConfigurationName = Release;
		};
/* End XCConfigurationList section */
	};
	rootObject = 0E8D6E1729C58E9E002F7994 /* Project object */;
}
